// !$*UTF8*$!
{
	archiveVersion = 1;
	classes = {
	};
	objectVersion = 77;
	objects = {

/* Begin PBXBuildFile section */
		A760695B2DC42C48000E1DB6 /* Auth in Frameworks */ = {isa = PBXBuildFile; productRef = A760695A2DC42C48000E1DB6 /* Auth */; };
		A760695D2DC42C48000E1DB6 /* Functions in Frameworks */ = {isa = PBXBuildFile; productRef = A760695C2DC42C48000E1DB6 /* Functions */; };
		A760695F2DC42C48000E1DB6 /* PostgREST in Frameworks */ = {isa = PBXBuildFile; productRef = A760695E2DC42C48000E1DB6 /* PostgREST */; };
		A76069612DC42C48000E1DB6 /* Realtime in Frameworks */ = {isa = PBXBuildFile; productRef = A76069602DC42C48000E1DB6 /* Realtime */; };
		A76069632DC42C48000E1DB6 /* Storage in Frameworks */ = {isa = PBXBuildFile; productRef = A76069622DC42C48000E1DB6 /* Storage */; };
		A76069652DC42C62000E1DB6 /* Supabase in Frameworks */ = {isa = PBXBuildFile; productRef = A76069642DC42C62000E1DB6 /* Supabase */; };
/* End PBXBuildFile section */

/* Begin PBXContainerItemProxy section */
		A747ED912DBA683A007744BD /* PBXContainerItemProxy */ = {
			isa = PBXContainerItemProxy;
			containerPortal = A747ED7B2DBA6838007744BD /* Project object */;
			proxyType = 1;
			remoteGlobalIDString = A747ED822DBA6838007744BD;
			remoteInfo = UniMathe;
		};
		A747ED9B2DBA683A007744BD /* PBXContainerItemProxy */ = {
			isa = PBXContainerItemProxy;
			containerPortal = A747ED7B2DBA6838007744BD /* Project object */;
			proxyType = 1;
			remoteGlobalIDString = A747ED822DBA6838007744BD;
			remoteInfo = UniMathe;
		};
/* End PBXContainerItemProxy section */

/* Begin PBXFileReference section */
		A747ED832DBA6838007744BD /* UniMathe.app */ = {isa = PBXFileReference; explicitFileType = wrapper.application; includeInIndex = 0; path = UniMathe.app; sourceTree = BUILT_PRODUCTS_DIR; };
		A747ED902DBA683A007744BD /* UniMatheTests.xctest */ = {isa = PBXFileReference; explicitFileType = wrapper.cfbundle; includeInIndex = 0; path = UniMatheTests.xctest; sourceTree = BUILT_PRODUCTS_DIR; };
		A747ED9A2DBA683A007744BD /* UniMatheUITests.xctest */ = {isa = PBXFileReference; explicitFileType = wrapper.cfbundle; includeInIndex = 0; path = UniMatheUITests.xctest; sourceTree = BUILT_PRODUCTS_DIR; };
/* End PBXFileReference section */

/* Begin PBXFileSystemSynchronizedRootGroup section */
		A747ED852DBA6838007744BD /* UniMathe */ = {
			isa = PBXFileSystemSynchronizedRootGroup;
			path = UniMathe;
			sourceTree = "<group>";
		};
		A747ED932DBA683A007744BD /* UniMatheTests */ = {
			isa = PBXFileSystemSynchronizedRootGroup;
			path = UniMatheTests;
			sourceTree = "<group>";
		};
		A747ED9D2DBA683A007744BD /* UniMatheUITests */ = {
			isa = PBXFileSystemSynchronizedRootGroup;
			path = UniMatheUITests;
			sourceTree = "<group>";
		};
/* End PBXFileSystemSynchronizedRootGroup section */

/* Begin PBXFrameworksBuildPhase section */
		A747ED802DBA6838007744BD /* Frameworks */ = {
			isa = PBXFrameworksBuildPhase;
			buildActionMask = 2147483647;
			files = (
				A760695F2DC42C48000E1DB6 /* PostgREST in Frameworks */,
				A760695D2DC42C48000E1DB6 /* Functions in Frameworks */,
				A76069652DC42C62000E1DB6 /* Supabase in Frameworks */,
				A760695B2DC42C48000E1DB6 /* Auth in Frameworks */,
				A76069632DC42C48000E1DB6 /* Storage in Frameworks */,
				A76069612DC42C48000E1DB6 /* Realtime in Frameworks */,
			);
			runOnlyForDeploymentPostprocessing = 0;
		};
		A747ED8D2DBA683A007744BD /* Frameworks */ = {
			isa = PBXFrameworksBuildPhase;
			buildActionMask = 2147483647;
			files = (
			);
			runOnlyForDeploymentPostprocessing = 0;
		};
		A747ED972DBA683A007744BD /* Frameworks */ = {
			isa = PBXFrameworksBuildPhase;
			buildActionMask = 2147483647;
			files = (
			);
			runOnlyForDeploymentPostprocessing = 0;
		};
/* End PBXFrameworksBuildPhase section */

/* Begin PBXGroup section */
		A747ED7A2DBA6838007744BD = {
			isa = PBXGroup;
			children = (
				A747ED852DBA6838007744BD /* UniMathe */,
				A747ED932DBA683A007744BD /* UniMatheTests */,
				A747ED9D2DBA683A007744BD /* UniMatheUITests */,
				A76068982DC42B81000E1DB6 /* Frameworks */,
				A747ED842DBA6838007744BD /* Products */,
			);
			sourceTree = "<group>";
		};
		A747ED842DBA6838007744BD /* Products */ = {
			isa = PBXGroup;
			children = (
				A747ED832DBA6838007744BD /* UniMathe.app */,
				A747ED902DBA683A007744BD /* UniMatheTests.xctest */,
				A747ED9A2DBA683A007744BD /* UniMatheUITests.xctest */,
			);
			name = Products;
			sourceTree = "<group>";
		};
		A76068982DC42B81000E1DB6 /* Frameworks */ = {
			isa = PBXGroup;
			children = (
			);
			name = Frameworks;
			sourceTree = "<group>";
		};
/* End PBXGroup section */

/* Begin PBXNativeTarget section */
		A747ED822DBA6838007744BD /* UniMathe */ = {
			isa = PBXNativeTarget;
			buildConfigurationList = A747EDA42DBA683A007744BD /* Build configuration list for PBXNativeTarget "UniMathe" */;
			buildPhases = (
				A747ED7F2DBA6838007744BD /* Sources */,
				A747ED802DBA6838007744BD /* Frameworks */,
				A747ED812DBA6838007744BD /* Resources */,
			);
			buildRules = (
			);
			dependencies = (
			);
			fileSystemSynchronizedGroups = (
				A747ED852DBA6838007744BD /* UniMathe */,
			);
			name = UniMathe;
			packageProductDependencies = (
				A760695A2DC42C48000E1DB6 /* Auth */,
				A760695C2DC42C48000E1DB6 /* Functions */,
				A760695E2DC42C48000E1DB6 /* PostgREST */,
				A76069602DC42C48000E1DB6 /* Realtime */,
				A76069622DC42C48000E1DB6 /* Storage */,
				A76069642DC42C62000E1DB6 /* Supabase */,
			);
			productName = UniMathe;
			productReference = A747ED832DBA6838007744BD /* UniMathe.app */;
			productType = "com.apple.product-type.application";
		};
		A747ED8F2DBA683A007744BD /* UniMatheTests */ = {
			isa = PBXNativeTarget;
			buildConfigurationList = A747EDA72DBA683A007744BD /* Build configuration list for PBXNativeTarget "UniMatheTests" */;
			buildPhases = (
				A747ED8C2DBA683A007744BD /* Sources */,
				A747ED8D2DBA683A007744BD /* Frameworks */,
				A747ED8E2DBA683A007744BD /* Resources */,
			);
			buildRules = (
			);
			dependencies = (
				A747ED922DBA683A007744BD /* PBXTargetDependency */,
			);
			fileSystemSynchronizedGroups = (
				A747ED932DBA683A007744BD /* UniMatheTests */,
			);
			name = UniMatheTests;
			packageProductDependencies = (
			);
			productName = UniMatheTests;
			productReference = A747ED902DBA683A007744BD /* UniMatheTests.xctest */;
			productType = "com.apple.product-type.bundle.unit-test";
		};
		A747ED992DBA683A007744BD /* UniMatheUITests */ = {
			isa = PBXNativeTarget;
			buildConfigurationList = A747EDAA2DBA683A007744BD /* Build configuration list for PBXNativeTarget "UniMatheUITests" */;
			buildPhases = (
				A747ED962DBA683A007744BD /* Sources */,
				A747ED972DBA683A007744BD /* Frameworks */,
				A747ED982DBA683A007744BD /* Resources */,
			);
			buildRules = (
			);
			dependencies = (
				A747ED9C2DBA683A007744BD /* PBXTargetDependency */,
			);
			fileSystemSynchronizedGroups = (
				A747ED9D2DBA683A007744BD /* UniMatheUITests */,
			);
			name = UniMatheUITests;
			packageProductDependencies = (
			);
			productName = UniMatheUITests;
			productReference = A747ED9A2DBA683A007744BD /* UniMatheUITests.xctest */;
			productType = "com.apple.product-type.bundle.ui-testing";
		};
/* End PBXNativeTarget section */

/* Begin PBXProject section */
		A747ED7B2DBA6838007744BD /* Project object */ = {
			isa = PBXProject;
			attributes = {
				BuildIndependentTargetsInParallel = 1;
				LastSwiftUpdateCheck = 1630;
				LastUpgradeCheck = 1630;
				TargetAttributes = {
					A747ED822DBA6838007744BD = {
						CreatedOnToolsVersion = 16.3;
					};
					A747ED8F2DBA683A007744BD = {
						CreatedOnToolsVersion = 16.3;
						TestTargetID = A747ED822DBA6838007744BD;
					};
					A747ED992DBA683A007744BD = {
						CreatedOnToolsVersion = 16.3;
						TestTargetID = A747ED822DBA6838007744BD;
					};
				};
			};
			buildConfigurationList = A747ED7E2DBA6838007744BD /* Build configuration list for PBXProject "UniMathe" */;
			developmentRegion = en;
			hasScannedForEncodings = 0;
			knownRegions = (
				en,
				Base,
			);
			mainGroup = A747ED7A2DBA6838007744BD;
			minimizedProjectReferenceProxies = 1;
			packageReferences = (
				A76069592DC42C48000E1DB6 /* XCRemoteSwiftPackageReference "supabase-swift" */,
			);
			preferredProjectObjectVersion = 77;
			productRefGroup = A747ED842DBA6838007744BD /* Products */;
			projectDirPath = "";
			projectRoot = "";
			targets = (
				A747ED822DBA6838007744BD /* UniMathe */,
				A747ED8F2DBA683A007744BD /* UniMatheTests */,
				A747ED992DBA683A007744BD /* UniMatheUITests */,
			);
		};
/* End PBXProject section */

/* Begin PBXResourcesBuildPhase section */
		A747ED812DBA6838007744BD /* Resources */ = {
			isa = PBXResourcesBuildPhase;
			buildActionMask = 2147483647;
			files = (
			);
			runOnlyForDeploymentPostprocessing = 0;
		};
		A747ED8E2DBA683A007744BD /* Resources */ = {
			isa = PBXResourcesBuildPhase;
			buildActionMask = 2147483647;
			files = (
			);
			runOnlyForDeploymentPostprocessing = 0;
		};
		A747ED982DBA683A007744BD /* Resources */ = {
			isa = PBXResourcesBuildPhase;
			buildActionMask = 2147483647;
			files = (
			);
			runOnlyForDeploymentPostprocessing = 0;
		};
/* End PBXResourcesBuildPhase section */

/* Begin PBXSourcesBuildPhase section */
		A747ED7F2DBA6838007744BD /* Sources */ = {
			isa = PBXSourcesBuildPhase;
			buildActionMask = 2147483647;
			files = (
			);
			runOnlyForDeploymentPostprocessing = 0;
		};
		A747ED8C2DBA683A007744BD /* Sources */ = {
			isa = PBXSourcesBuildPhase;
			buildActionMask = 2147483647;
			files = (
			);
			runOnlyForDeploymentPostprocessing = 0;
		};
		A747ED962DBA683A007744BD /* Sources */ = {
			isa = PBXSourcesBuildPhase;
			buildActionMask = 2147483647;
			files = (
			);
			runOnlyForDeploymentPostprocessing = 0;
		};
/* End PBXSourcesBuildPhase section */

/* Begin PBXTargetDependency section */
		A747ED922DBA683A007744BD /* PBXTargetDependency */ = {
			isa = PBXTargetDependency;
			target = A747ED822DBA6838007744BD /* UniMathe */;
			targetProxy = A747ED912DBA683A007744BD /* PBXContainerItemProxy */;
		};
		A747ED9C2DBA683A007744BD /* PBXTargetDependency */ = {
			isa = PBXTargetDependency;
			target = A747ED822DBA6838007744BD /* UniMathe */;
			targetProxy = A747ED9B2DBA683A007744BD /* PBXContainerItemProxy */;
		};
/* End PBXTargetDependency section */

/* Begin XCBuildConfiguration section */
		A747EDA22DBA683A007744BD /* Debug */ = {
			isa = XCBuildConfiguration;
			buildSettings = {
				ALWAYS_SEARCH_USER_PATHS = NO;
				ASSETCATALOG_COMPILER_GENERATE_SWIFT_ASSET_SYMBOL_EXTENSIONS = YES;
				CLANG_ANALYZER_NONNULL = YES;
				CLANG_ANALYZER_NUMBER_OBJECT_CONVERSION = YES_AGGRESSIVE;
				CLANG_CXX_LANGUAGE_STANDARD = "gnu++20";
				CLANG_ENABLE_MODULES = YES;
				CLANG_ENABLE_OBJC_ARC = YES;
				CLANG_ENABLE_OBJC_WEAK = YES;
				CLANG_WARN_BLOCK_CAPTURE_AUTORELEASING = YES;
				CLANG_WARN_BOOL_CONVERSION = YES;
				CLANG_WARN_COMMA = YES;
				CLANG_WARN_CONSTANT_CONVERSION = YES;
				CLANG_WARN_DEPRECATED_OBJC_IMPLEMENTATIONS = YES;
				CLANG_WARN_DIRECT_OBJC_ISA_USAGE = YES_ERROR;
				CLANG_WARN_DOCUMENTATION_COMMENTS = YES;
				CLANG_WARN_EMPTY_BODY = YES;
				CLANG_WARN_ENUM_CONVERSION = YES;
				CLANG_WARN_INFINITE_RECURSION = YES;
				CLANG_WARN_INT_CONVERSION = YES;
				CLANG_WARN_NON_LITERAL_NULL_CONVERSION = YES;
				CLANG_WARN_OBJC_IMPLICIT_RETAIN_SELF = YES;
				CLANG_WARN_OBJC_LITERAL_CONVERSION = YES;
				CLANG_WARN_OBJC_ROOT_CLASS = YES_ERROR;
				CLANG_WARN_QUOTED_INCLUDE_IN_FRAMEWORK_HEADER = YES;
				CLANG_WARN_RANGE_LOOP_ANALYSIS = YES;
				CLANG_WARN_STRICT_PROTOTYPES = YES;
				CLANG_WARN_SUSPICIOUS_MOVE = YES;
				CLANG_WARN_UNGUARDED_AVAILABILITY = YES_AGGRESSIVE;
				CLANG_WARN_UNREACHABLE_CODE = YES;
				CLANG_WARN__DUPLICATE_METHOD_MATCH = YES;
				COPY_PHASE_STRIP = NO;
				DEBUG_INFORMATION_FORMAT = dwarf;
				ENABLE_STRICT_OBJC_MSGSEND = YES;
				ENABLE_TESTABILITY = YES;
				ENABLE_USER_SCRIPT_SANDBOXING = YES;
				GCC_C_LANGUAGE_STANDARD = gnu17;
				GCC_DYNAMIC_NO_PIC = NO;
				GCC_NO_COMMON_BLOCKS = YES;
				GCC_OPTIMIZATION_LEVEL = 0;
				GCC_PREPROCESSOR_DEFINITIONS = (
					"DEBUG=1",
					"$(inherited)",
				);
				GCC_WARN_64_TO_32_BIT_CONVERSION = YES;
				GCC_WARN_ABOUT_RETURN_TYPE = YES_ERROR;
				GCC_WARN_UNDECLARED_SELECTOR = YES;
				GCC_WARN_UNINITIALIZED_AUTOS = YES_AGGRESSIVE;
				GCC_WARN_UNUSED_FUNCTION = YES;
				GCC_WARN_UNUSED_VARIABLE = YES;
				IPHONEOS_DEPLOYMENT_TARGET = 18.4;
				LOCALIZATION_PREFERS_STRING_CATALOGS = YES;
				MTL_ENABLE_DEBUG_INFO = INCLUDE_SOURCE;
				MTL_FAST_MATH = YES;
				ONLY_ACTIVE_ARCH = YES;
				SDKROOT = iphoneos;
				SWIFT_ACTIVE_COMPILATION_CONDITIONS = "DEBUG $(inherited)";
				SWIFT_OPTIMIZATION_LEVEL = "-Onone";
			};
			name = Debug;
		};
		A747EDA32DBA683A007744BD /* Release */ = {
			isa = XCBuildConfiguration;
			buildSettings = {
				ALWAYS_SEARCH_USER_PATHS = NO;
				ASSETCATALOG_COMPILER_GENERATE_SWIFT_ASSET_SYMBOL_EXTENSIONS = YES;
				CLANG_ANALYZER_NONNULL = YES;
				CLANG_ANALYZER_NUMBER_OBJECT_CONVERSION = YES_AGGRESSIVE;
				CLANG_CXX_LANGUAGE_STANDARD = "gnu++20";
				CLANG_ENABLE_MODULES = YES;
				CLANG_ENABLE_OBJC_ARC = YES;
				CLANG_ENABLE_OBJC_WEAK = YES;
				CLANG_WARN_BLOCK_CAPTURE_AUTORELEASING = YES;
				CLANG_WARN_BOOL_CONVERSION = YES;
				CLANG_WARN_COMMA = YES;
				CLANG_WARN_CONSTANT_CONVERSION = YES;
				CLANG_WARN_DEPRECATED_OBJC_IMPLEMENTATIONS = YES;
				CLANG_WARN_DIRECT_OBJC_ISA_USAGE = YES_ERROR;
				CLANG_WARN_DOCUMENTATION_COMMENTS = YES;
				CLANG_WARN_EMPTY_BODY = YES;
				CLANG_WARN_ENUM_CONVERSION = YES;
				CLANG_WARN_INFINITE_RECURSION = YES;
				CLANG_WARN_INT_CONVERSION = YES;
				CLANG_WARN_NON_LITERAL_NULL_CONVERSION = YES;
				CLANG_WARN_OBJC_IMPLICIT_RETAIN_SELF = YES;
				CLANG_WARN_OBJC_LITERAL_CONVERSION = YES;
				CLANG_WARN_OBJC_ROOT_CLASS = YES_ERROR;
				CLANG_WARN_QUOTED_INCLUDE_IN_FRAMEWORK_HEADER = YES;
				CLANG_WARN_RANGE_LOOP_ANALYSIS = YES;
				CLANG_WARN_STRICT_PROTOTYPES = YES;
				CLANG_WARN_SUSPICIOUS_MOVE = YES;
				CLANG_WARN_UNGUARDED_AVAILABILITY = YES_AGGRESSIVE;
				CLANG_WARN_UNREACHABLE_CODE = YES;
				CLANG_WARN__DUPLICATE_METHOD_MATCH = YES;
				COPY_PHASE_STRIP = NO;
				DEBUG_INFORMATION_FORMAT = "dwarf-with-dsym";
				ENABLE_NS_ASSERTIONS = NO;
				ENABLE_STRICT_OBJC_MSGSEND = YES;
				ENABLE_USER_SCRIPT_SANDBOXING = YES;
				GCC_C_LANGUAGE_STANDARD = gnu17;
				GCC_NO_COMMON_BLOCKS = YES;
				GCC_WARN_64_TO_32_BIT_CONVERSION = YES;
				GCC_WARN_ABOUT_RETURN_TYPE = YES_ERROR;
				GCC_WARN_UNDECLARED_SELECTOR = YES;
				GCC_WARN_UNINITIALIZED_AUTOS = YES_AGGRESSIVE;
				GCC_WARN_UNUSED_FUNCTION = YES;
				GCC_WARN_UNUSED_VARIABLE = YES;
				IPHONEOS_DEPLOYMENT_TARGET = 18.4;
				LOCALIZATION_PREFERS_STRING_CATALOGS = YES;
				MTL_ENABLE_DEBUG_INFO = NO;
				MTL_FAST_MATH = YES;
				SDKROOT = iphoneos;
				SWIFT_COMPILATION_MODE = wholemodule;
				VALIDATE_PRODUCT = YES;
			};
			name = Release;
		};
		A747EDA52DBA683A007744BD /* Debug */ = {
			isa = XCBuildConfiguration;
			buildSettings = {
				ASSETCATALOG_COMPILER_APPICON_NAME = AppIcon;
				ASSETCATALOG_COMPILER_GLOBAL_ACCENT_COLOR_NAME = AccentColor;
				CODE_SIGN_STYLE = Automatic;
				CURRENT_PROJECT_VERSION = 1;
				DEVELOPMENT_TEAM = V582AWS3L8;
				ENABLE_PREVIEWS = YES;
				GENERATE_INFOPLIST_FILE = YES;
				INFOPLIST_KEY_UIApplicationSceneManifest_Generation = YES;
				INFOPLIST_KEY_UIApplicationSupportsIndirectInputEvents = YES;
				INFOPLIST_KEY_UILaunchScreen_Generation = YES;
				INFOPLIST_KEY_UISupportedInterfaceOrientations_iPad = "UIInterfaceOrientationPortrait UIInterfaceOrientationPortraitUpsideDown UIInterfaceOrientationLandscapeLeft UIInterfaceOrientationLandscapeRight";
				INFOPLIST_KEY_UISupportedInterfaceOrientations_iPhone = "UIInterfaceOrientationPortrait UIInterfaceOrientationLandscapeLeft UIInterfaceOrientationLandscapeRight";
				LD_RUNPATH_SEARCH_PATHS = (
					"$(inherited)",
					"@executable_path/Frameworks",
				);
				MARKETING_VERSION = 1.0;
				PRODUCT_BUNDLE_IDENTIFIER = b.held.UniMathe;
				PRODUCT_NAME = "$(TARGET_NAME)";
				SWIFT_EMIT_LOC_STRINGS = YES;
				SWIFT_VERSION = 5.0;
				TARGETED_DEVICE_FAMILY = "1,2";
			};
			name = Debug;
		};
		A747EDA62DBA683A007744BD /* Release */ = {
			isa = XCBuildConfiguration;
			buildSettings = {
				ASSETCATALOG_COMPILER_APPICON_NAME = AppIcon;
				ASSETCATALOG_COMPILER_GLOBAL_ACCENT_COLOR_NAME = AccentColor;
				CODE_SIGN_STYLE = Automatic;
				CURRENT_PROJECT_VERSION = 1;
				DEVELOPMENT_TEAM = V582AWS3L8;
				ENABLE_PREVIEWS = YES;
				GENERATE_INFOPLIST_FILE = YES;
				INFOPLIST_KEY_UIApplicationSceneManifest_Generation = YES;
				INFOPLIST_KEY_UIApplicationSupportsIndirectInputEvents = YES;
				INFOPLIST_KEY_UILaunchScreen_Generation = YES;
				INFOPLIST_KEY_UISupportedInterfaceOrientations_iPad = "UIInterfaceOrientationPortrait UIInterfaceOrientationPortraitUpsideDown UIInterfaceOrientationLandscapeLeft UIInterfaceOrientationLandscapeRight";
				INFOPLIST_KEY_UISupportedInterfaceOrientations_iPhone = "UIInterfaceOrientationPortrait UIInterfaceOrientationLandscapeLeft UIInterfaceOrientationLandscapeRight";
				LD_RUNPATH_SEARCH_PATHS = (
					"$(inherited)",
					"@executable_path/Frameworks",
				);
				MARKETING_VERSION = 1.0;
				PRODUCT_BUNDLE_IDENTIFIER = b.held.UniMathe;
				PRODUCT_NAME = "$(TARGET_NAME)";
				SWIFT_EMIT_LOC_STRINGS = YES;
				SWIFT_VERSION = 5.0;
				TARGETED_DEVICE_FAMILY = "1,2";
			};
			name = Release;
		};
		A747EDA82DBA683A007744BD /* Debug */ = {
			isa = XCBuildConfiguration;
			buildSettings = {
				BUNDLE_LOADER = "$(TEST_HOST)";
				CODE_SIGN_STYLE = Automatic;
				CURRENT_PROJECT_VERSION = 1;
				GENERATE_INFOPLIST_FILE = YES;
				IPHONEOS_DEPLOYMENT_TARGET = 18.4;
				MARKETING_VERSION = 1.0;
				PRODUCT_BUNDLE_IDENTIFIER = b.held.UniMatheTests;
				PRODUCT_NAME = "$(TARGET_NAME)";
				SWIFT_EMIT_LOC_STRINGS = NO;
				SWIFT_VERSION = 5.0;
				TARGETED_DEVICE_FAMILY = "1,2";
				TEST_HOST = "$(BUILT_PRODUCTS_DIR)/UniMathe.app/$(BUNDLE_EXECUTABLE_FOLDER_PATH)/UniMathe";
			};
			name = Debug;
		};
		A747EDA92DBA683A007744BD /* Release */ = {
			isa = XCBuildConfiguration;
			buildSettings = {
				BUNDLE_LOADER = "$(TEST_HOST)";
				CODE_SIGN_STYLE = Automatic;
				CURRENT_PROJECT_VERSION = 1;
				GENERATE_INFOPLIST_FILE = YES;
				IPHONEOS_DEPLOYMENT_TARGET = 18.4;
				MARKETING_VERSION = 1.0;
				PRODUCT_BUNDLE_IDENTIFIER = b.held.UniMatheTests;
				PRODUCT_NAME = "$(TARGET_NAME)";
				SWIFT_EMIT_LOC_STRINGS = NO;
				SWIFT_VERSION = 5.0;
				TARGETED_DEVICE_FAMILY = "1,2";
				TEST_HOST = "$(BUILT_PRODUCTS_DIR)/UniMathe.app/$(BUNDLE_EXECUTABLE_FOLDER_PATH)/UniMathe";
			};
			name = Release;
		};
		A747EDAB2DBA683A007744BD /* Debug */ = {
			isa = XCBuildConfiguration;
			buildSettings = {
				CODE_SIGN_STYLE = Automatic;
				CURRENT_PROJECT_VERSION = 1;
				GENERATE_INFOPLIST_FILE = YES;
				MARKETING_VERSION = 1.0;
				PRODUCT_BUNDLE_IDENTIFIER = b.held.UniMatheUITests;
				PRODUCT_NAME = "$(TARGET_NAME)";
				SWIFT_EMIT_LOC_STRINGS = NO;
				SWIFT_VERSION = 5.0;
				TARGETED_DEVICE_FAMILY = "1,2";
				TEST_TARGET_NAME = UniMathe;
			};
			name = Debug;
		};
		A747EDAC2DBA683A007744BD /* Release */ = {
			isa = XCBuildConfiguration;
			buildSettings = {
				CODE_SIGN_STYLE = Automatic;
				CURRENT_PROJECT_VERSION = 1;
				GENERATE_INFOPLIST_FILE = YES;
				MARKETING_VERSION = 1.0;
				PRODUCT_BUNDLE_IDENTIFIER = b.held.UniMatheUITests;
				PRODUCT_NAME = "$(TARGET_NAME)";
				SWIFT_EMIT_LOC_STRINGS = NO;
				SWIFT_VERSION = 5.0;
				TARGETED_DEVICE_FAMILY = "1,2";
				TEST_TARGET_NAME = UniMathe;
			};
			name = Release;
		};
/* End XCBuildConfiguration section */

/* Begin XCConfigurationList section */
		A747ED7E2DBA6838007744BD /* Build configuration list for PBXProject "UniMathe" */ = {
			isa = XCConfigurationList;
			buildConfigurations = (
				A747EDA22DBA683A007744BD /* Debug */,
				A747EDA32DBA683A007744BD /* Release */,
			);
			defaultConfigurationIsVisible = 0;
			defaultConfigurationName = Release;
		};
		A747EDA42DBA683A007744BD /* Build configuration list for PBXNativeTarget "UniMathe" */ = {
			isa = XCConfigurationList;
			buildConfigurations = (
				A747EDA52DBA683A007744BD /* Debug */,
				A747EDA62DBA683A007744BD /* Release */,
			);
			defaultConfigurationIsVisible = 0;
			defaultConfigurationName = Release;
		};
		A747EDA72DBA683A007744BD /* Build configuration list for PBXNativeTarget "UniMatheTests" */ = {
			isa = XCConfigurationList;
			buildConfigurations = (
				A747EDA82DBA683A007744BD /* Debug */,
				A747EDA92DBA683A007744BD /* Release */,
			);
			defaultConfigurationIsVisible = 0;
			defaultConfigurationName = Release;
		};
		A747EDAA2DBA683A007744BD /* Build configuration list for PBXNativeTarget "UniMatheUITests" */ = {
			isa = XCConfigurationList;
			buildConfigurations = (
				A747EDAB2DBA683A007744BD /* Debug */,
				A747EDAC2DBA683A007744BD /* Release */,
			);
			defaultConfigurationIsVisible = 0;
			defaultConfigurationName = Release;
		};
/* End XCConfigurationList section */

/* Begin XCRemoteSwiftPackageReference section */
		A76069592DC42C48000E1DB6 /* XCRemoteSwiftPackageReference "supabase-swift" */ = {
			isa = XCRemoteSwiftPackageReference;
			repositoryURL = "https://github.com/supabase-community/supabase-swift.git";
			requirement = {
				kind = upToNextMajorVersion;
				minimumVersion = 2.5.1;
			};
		};
/* End XCRemoteSwiftPackageReference section */

/* Begin XCSwiftPackageProductDependency section */
		A760695A2DC42C48000E1DB6 /* Auth */ = {
			isa = XCSwiftPackageProductDependency;
			package = A76069592DC42C48000E1DB6 /* XCRemoteSwiftPackageReference "supabase-swift" */;
			productName = Auth;
		};
		A760695C2DC42C48000E1DB6 /* Functions */ = {
			isa = XCSwiftPackageProductDependency;
			package = A76069592DC42C48000E1DB6 /* XCRemoteSwiftPackageReference "supabase-swift" */;
			productName = Functions;
		};
		A760695E2DC42C48000E1DB6 /* PostgREST */ = {
			isa = XCSwiftPackageProductDependency;
			package = A76069592DC42C48000E1DB6 /* XCRemoteSwiftPackageReference "supabase-swift" */;
			productName = PostgREST;
		};
		A76069602DC42C48000E1DB6 /* Realtime */ = {
			isa = XCSwiftPackageProductDependency;
			package = A76069592DC42C48000E1DB6 /* XCRemoteSwiftPackageReference "supabase-swift" */;
			productName = Realtime;
		};
		A76069622DC42C48000E1DB6 /* Storage */ = {
			isa = XCSwiftPackageProductDependency;
			package = A76069592DC42C48000E1DB6 /* XCRemoteSwiftPackageReference "supabase-swift" */;
			productName = Storage;
		};
		A76069642DC42C62000E1DB6 /* Supabase */ = {
			isa = XCSwiftPackageProductDependency;
			package = A76069592DC42C48000E1DB6 /* XCRemoteSwiftPackageReference "supabase-swift" */;
			productName = Supabase;
		};
/* End XCSwiftPackageProductDependency section */
	};
	rootObject = A747ED7B2DBA6838007744BD /* Project object */;
}
